// !$*UTF8*$!
{
	archiveVersion = 1;
	classes = {
	};
	objectVersion = 50;
	objects = {

/* Begin PBXBuildFile section */
		0D150DC321B5B41400AAE6C5 /* ViewControllerTableViewCell.swift in Sources */ = {isa = PBXBuildFile; fileRef = 0D150DC221B5B41400AAE6C5 /* ViewControllerTableViewCell.swift */; };
		0D150DCB21B5C73B00AAE6C5 /* Meetup.swift in Sources */ = {isa = PBXBuildFile; fileRef = 0D150DCA21B5C73B00AAE6C5 /* Meetup.swift */; };
		0D6FB2C221B58D8C00DA2221 /* AppDelegate.swift in Sources */ = {isa = PBXBuildFile; fileRef = 0D6FB2C121B58D8C00DA2221 /* AppDelegate.swift */; };
		0D6FB2C421B58D8C00DA2221 /* ViewController.swift in Sources */ = {isa = PBXBuildFile; fileRef = 0D6FB2C321B58D8C00DA2221 /* ViewController.swift */; };
		0D6FB2C721B58D8C00DA2221 /* Main.storyboard in Resources */ = {isa = PBXBuildFile; fileRef = 0D6FB2C521B58D8C00DA2221 /* Main.storyboard */; };
		0D6FB2C921B58D8E00DA2221 /* Assets.xcassets in Resources */ = {isa = PBXBuildFile; fileRef = 0D6FB2C821B58D8E00DA2221 /* Assets.xcassets */; };
		0D6FB2CC21B58D8E00DA2221 /* LaunchScreen.storyboard in Resources */ = {isa = PBXBuildFile; fileRef = 0D6FB2CA21B58D8E00DA2221 /* LaunchScreen.storyboard */; };
		0D6FB2D721B58D8E00DA2221 /* NotMyMeetupsTests.swift in Sources */ = {isa = PBXBuildFile; fileRef = 0D6FB2D621B58D8E00DA2221 /* NotMyMeetupsTests.swift */; };
		0D6FB2E221B58D8E00DA2221 /* NotMyMeetupsUITests.swift in Sources */ = {isa = PBXBuildFile; fileRef = 0D6FB2E121B58D8E00DA2221 /* NotMyMeetupsUITests.swift */; };
		0D6FB2F021B593BF00DA2221 /* GoogleService-Info.plist in Resources */ = {isa = PBXBuildFile; fileRef = 0D6FB2EF21B593BF00DA2221 /* GoogleService-Info.plist */; };
		44EC3FF308E6E893A4477E1D /* Pods_NotMyMeetups.framework in Frameworks */ = {isa = PBXBuildFile; fileRef = B4511354020C9CDB9CD2FEA8 /* Pods_NotMyMeetups.framework */; };
		83A46A543F798837597F97E5 /* Pods_NotMyMeetupsTests.framework in Frameworks */ = {isa = PBXBuildFile; fileRef = ECD3E56EDDEFCA458CC0ED5D /* Pods_NotMyMeetupsTests.framework */; };
		B8FB4633372410D5BB710D42 /* Pods_NotMyMeetupsUITests.framework in Frameworks */ = {isa = PBXBuildFile; fileRef = 2918E98CFF4A01681D6DCFB0 /* Pods_NotMyMeetupsUITests.framework */; };
/* End PBXBuildFile section */

/* Begin PBXContainerItemProxy section */
		0D6FB2D321B58D8E00DA2221 /* PBXContainerItemProxy */ = {
			isa = PBXContainerItemProxy;
			containerPortal = 0D6FB2B621B58D8C00DA2221 /* Project object */;
			proxyType = 1;
			remoteGlobalIDString = 0D6FB2BD21B58D8C00DA2221;
			remoteInfo = NotMyMeetups;
		};
		0D6FB2DE21B58D8E00DA2221 /* PBXContainerItemProxy */ = {
			isa = PBXContainerItemProxy;
			containerPortal = 0D6FB2B621B58D8C00DA2221 /* Project object */;
			proxyType = 1;
			remoteGlobalIDString = 0D6FB2BD21B58D8C00DA2221;
			remoteInfo = NotMyMeetups;
		};
/* End PBXContainerItemProxy section */

/* Begin PBXFileReference section */
		0D150DC221B5B41400AAE6C5 /* ViewControllerTableViewCell.swift */ = {isa = PBXFileReference; lastKnownFileType = sourcecode.swift; path = ViewControllerTableViewCell.swift; sourceTree = "<group>"; };
		0D150DCA21B5C73B00AAE6C5 /* Meetup.swift */ = {isa = PBXFileReference; lastKnownFileType = sourcecode.swift; path = Meetup.swift; sourceTree = "<group>"; };
		0D337D91E538774297E6F313 /* Pods-NotMyMeetupsUITests.debug.xcconfig */ = {isa = PBXFileReference; includeInIndex = 1; lastKnownFileType = text.xcconfig; name = "Pods-NotMyMeetupsUITests.debug.xcconfig"; path = "Pods/Target Support Files/Pods-NotMyMeetupsUITests/Pods-NotMyMeetupsUITests.debug.xcconfig"; sourceTree = "<group>"; };
		0D6FB2BE21B58D8C00DA2221 /* NotMyMeetups.app */ = {isa = PBXFileReference; explicitFileType = wrapper.application; includeInIndex = 0; path = NotMyMeetups.app; sourceTree = BUILT_PRODUCTS_DIR; };
		0D6FB2C121B58D8C00DA2221 /* AppDelegate.swift */ = {isa = PBXFileReference; lastKnownFileType = sourcecode.swift; path = AppDelegate.swift; sourceTree = "<group>"; };
		0D6FB2C321B58D8C00DA2221 /* ViewController.swift */ = {isa = PBXFileReference; lastKnownFileType = sourcecode.swift; path = ViewController.swift; sourceTree = "<group>"; };
		0D6FB2C621B58D8C00DA2221 /* Base */ = {isa = PBXFileReference; lastKnownFileType = file.storyboard; name = Base; path = Base.lproj/Main.storyboard; sourceTree = "<group>"; };
		0D6FB2C821B58D8E00DA2221 /* Assets.xcassets */ = {isa = PBXFileReference; lastKnownFileType = folder.assetcatalog; path = Assets.xcassets; sourceTree = "<group>"; };
		0D6FB2CB21B58D8E00DA2221 /* Base */ = {isa = PBXFileReference; lastKnownFileType = file.storyboard; name = Base; path = Base.lproj/LaunchScreen.storyboard; sourceTree = "<group>"; };
		0D6FB2CD21B58D8E00DA2221 /* Info.plist */ = {isa = PBXFileReference; lastKnownFileType = text.plist.xml; path = Info.plist; sourceTree = "<group>"; };
		0D6FB2D221B58D8E00DA2221 /* NotMyMeetupsTests.xctest */ = {isa = PBXFileReference; explicitFileType = wrapper.cfbundle; includeInIndex = 0; path = NotMyMeetupsTests.xctest; sourceTree = BUILT_PRODUCTS_DIR; };
		0D6FB2D621B58D8E00DA2221 /* NotMyMeetupsTests.swift */ = {isa = PBXFileReference; lastKnownFileType = sourcecode.swift; path = NotMyMeetupsTests.swift; sourceTree = "<group>"; };
		0D6FB2D821B58D8E00DA2221 /* Info.plist */ = {isa = PBXFileReference; lastKnownFileType = text.plist.xml; path = Info.plist; sourceTree = "<group>"; };
		0D6FB2DD21B58D8E00DA2221 /* NotMyMeetupsUITests.xctest */ = {isa = PBXFileReference; explicitFileType = wrapper.cfbundle; includeInIndex = 0; path = NotMyMeetupsUITests.xctest; sourceTree = BUILT_PRODUCTS_DIR; };
		0D6FB2E121B58D8E00DA2221 /* NotMyMeetupsUITests.swift */ = {isa = PBXFileReference; lastKnownFileType = sourcecode.swift; path = NotMyMeetupsUITests.swift; sourceTree = "<group>"; };
		0D6FB2E321B58D8E00DA2221 /* Info.plist */ = {isa = PBXFileReference; lastKnownFileType = text.plist.xml; path = Info.plist; sourceTree = "<group>"; };
		0D6FB2EF21B593BF00DA2221 /* GoogleService-Info.plist */ = {isa = PBXFileReference; fileEncoding = 4; lastKnownFileType = text.plist.xml; path = "GoogleService-Info.plist"; sourceTree = SOURCE_ROOT; };
		2918E98CFF4A01681D6DCFB0 /* Pods_NotMyMeetupsUITests.framework */ = {isa = PBXFileReference; explicitFileType = wrapper.framework; includeInIndex = 0; path = Pods_NotMyMeetupsUITests.framework; sourceTree = BUILT_PRODUCTS_DIR; };
		6C44F085F7BD0E687371E611 /* Pods-NotMyMeetups.release.xcconfig */ = {isa = PBXFileReference; includeInIndex = 1; lastKnownFileType = text.xcconfig; name = "Pods-NotMyMeetups.release.xcconfig"; path = "Pods/Target Support Files/Pods-NotMyMeetups/Pods-NotMyMeetups.release.xcconfig"; sourceTree = "<group>"; };
		78AB0716BE1C968F2A4AF92E /* Pods-NotMyMeetupsTests.release.xcconfig */ = {isa = PBXFileReference; includeInIndex = 1; lastKnownFileType = text.xcconfig; name = "Pods-NotMyMeetupsTests.release.xcconfig"; path = "Pods/Target Support Files/Pods-NotMyMeetupsTests/Pods-NotMyMeetupsTests.release.xcconfig"; sourceTree = "<group>"; };
		94216518C6963AF2958C4D40 /* Pods-NotMyMeetups.debug.xcconfig */ = {isa = PBXFileReference; includeInIndex = 1; lastKnownFileType = text.xcconfig; name = "Pods-NotMyMeetups.debug.xcconfig"; path = "Pods/Target Support Files/Pods-NotMyMeetups/Pods-NotMyMeetups.debug.xcconfig"; sourceTree = "<group>"; };
		9CF85901DC29DED08544DC7D /* Pods-NotMyMeetupsUITests.release.xcconfig */ = {isa = PBXFileReference; includeInIndex = 1; lastKnownFileType = text.xcconfig; name = "Pods-NotMyMeetupsUITests.release.xcconfig"; path = "Pods/Target Support Files/Pods-NotMyMeetupsUITests/Pods-NotMyMeetupsUITests.release.xcconfig"; sourceTree = "<group>"; };
		A8B6176F57CF7A4406442E98 /* Pods-NotMyMeetupsTests.debug.xcconfig */ = {isa = PBXFileReference; includeInIndex = 1; lastKnownFileType = text.xcconfig; name = "Pods-NotMyMeetupsTests.debug.xcconfig"; path = "Pods/Target Support Files/Pods-NotMyMeetupsTests/Pods-NotMyMeetupsTests.debug.xcconfig"; sourceTree = "<group>"; };
		B4511354020C9CDB9CD2FEA8 /* Pods_NotMyMeetups.framework */ = {isa = PBXFileReference; explicitFileType = wrapper.framework; includeInIndex = 0; path = Pods_NotMyMeetups.framework; sourceTree = BUILT_PRODUCTS_DIR; };
		ECD3E56EDDEFCA458CC0ED5D /* Pods_NotMyMeetupsTests.framework */ = {isa = PBXFileReference; explicitFileType = wrapper.framework; includeInIndex = 0; path = Pods_NotMyMeetupsTests.framework; sourceTree = BUILT_PRODUCTS_DIR; };
/* End PBXFileReference section */

/* Begin PBXFrameworksBuildPhase section */
		0D6FB2BB21B58D8C00DA2221 /* Frameworks */ = {
			isa = PBXFrameworksBuildPhase;
			buildActionMask = 2147483647;
			files = (
				44EC3FF308E6E893A4477E1D /* Pods_NotMyMeetups.framework in Frameworks */,
			);
			runOnlyForDeploymentPostprocessing = 0;
		};
		0D6FB2CF21B58D8E00DA2221 /* Frameworks */ = {
			isa = PBXFrameworksBuildPhase;
			buildActionMask = 2147483647;
			files = (
				83A46A543F798837597F97E5 /* Pods_NotMyMeetupsTests.framework in Frameworks */,
			);
			runOnlyForDeploymentPostprocessing = 0;
		};
		0D6FB2DA21B58D8E00DA2221 /* Frameworks */ = {
			isa = PBXFrameworksBuildPhase;
			buildActionMask = 2147483647;
			files = (
				B8FB4633372410D5BB710D42 /* Pods_NotMyMeetupsUITests.framework in Frameworks */,
			);
			runOnlyForDeploymentPostprocessing = 0;
		};
/* End PBXFrameworksBuildPhase section */

/* Begin PBXGroup section */
		0D6FB2B521B58D8C00DA2221 = {
			isa = PBXGroup;
			children = (
				0D6FB2C021B58D8C00DA2221 /* NotMyMeetups */,
				0D6FB2D521B58D8E00DA2221 /* NotMyMeetupsTests */,
				0D6FB2E021B58D8E00DA2221 /* NotMyMeetupsUITests */,
				0D6FB2BF21B58D8C00DA2221 /* Products */,
				B4241DDD00436257EC8A8DC2 /* Pods */,
				3667BC3A776D3280D58DC3EF /* Frameworks */,
			);
			sourceTree = "<group>";
		};
		0D6FB2BF21B58D8C00DA2221 /* Products */ = {
			isa = PBXGroup;
			children = (
				0D6FB2BE21B58D8C00DA2221 /* NotMyMeetups.app */,
				0D6FB2D221B58D8E00DA2221 /* NotMyMeetupsTests.xctest */,
				0D6FB2DD21B58D8E00DA2221 /* NotMyMeetupsUITests.xctest */,
			);
			name = Products;
			sourceTree = "<group>";
		};
		0D6FB2C021B58D8C00DA2221 /* NotMyMeetups */ = {
			isa = PBXGroup;
			children = (
				0D6FB2EF21B593BF00DA2221 /* GoogleService-Info.plist */,
				0D6FB2C121B58D8C00DA2221 /* AppDelegate.swift */,
				0D6FB2C321B58D8C00DA2221 /* ViewController.swift */,
				0D150DCA21B5C73B00AAE6C5 /* Meetup.swift */,
				0D150DC221B5B41400AAE6C5 /* ViewControllerTableViewCell.swift */,
				0D6FB2C521B58D8C00DA2221 /* Main.storyboard */,
				0D6FB2C821B58D8E00DA2221 /* Assets.xcassets */,
				0D6FB2CA21B58D8E00DA2221 /* LaunchScreen.storyboard */,
				0D6FB2CD21B58D8E00DA2221 /* Info.plist */,
			);
			path = NotMyMeetups;
			sourceTree = "<group>";
		};
		0D6FB2D521B58D8E00DA2221 /* NotMyMeetupsTests */ = {
			isa = PBXGroup;
			children = (
				0D6FB2D621B58D8E00DA2221 /* NotMyMeetupsTests.swift */,
				0D6FB2D821B58D8E00DA2221 /* Info.plist */,
			);
			path = NotMyMeetupsTests;
			sourceTree = "<group>";
		};
		0D6FB2E021B58D8E00DA2221 /* NotMyMeetupsUITests */ = {
			isa = PBXGroup;
			children = (
				0D6FB2E121B58D8E00DA2221 /* NotMyMeetupsUITests.swift */,
				0D6FB2E321B58D8E00DA2221 /* Info.plist */,
			);
			path = NotMyMeetupsUITests;
			sourceTree = "<group>";
		};
		3667BC3A776D3280D58DC3EF /* Frameworks */ = {
			isa = PBXGroup;
			children = (
				B4511354020C9CDB9CD2FEA8 /* Pods_NotMyMeetups.framework */,
				ECD3E56EDDEFCA458CC0ED5D /* Pods_NotMyMeetupsTests.framework */,
				2918E98CFF4A01681D6DCFB0 /* Pods_NotMyMeetupsUITests.framework */,
			);
			name = Frameworks;
			sourceTree = "<group>";
		};
		B4241DDD00436257EC8A8DC2 /* Pods */ = {
			isa = PBXGroup;
			children = (
				94216518C6963AF2958C4D40 /* Pods-NotMyMeetups.debug.xcconfig */,
				6C44F085F7BD0E687371E611 /* Pods-NotMyMeetups.release.xcconfig */,
				A8B6176F57CF7A4406442E98 /* Pods-NotMyMeetupsTests.debug.xcconfig */,
				78AB0716BE1C968F2A4AF92E /* Pods-NotMyMeetupsTests.release.xcconfig */,
				0D337D91E538774297E6F313 /* Pods-NotMyMeetupsUITests.debug.xcconfig */,
				9CF85901DC29DED08544DC7D /* Pods-NotMyMeetupsUITests.release.xcconfig */,
			);
			name = Pods;
			sourceTree = "<group>";
		};
/* End PBXGroup section */

/* Begin PBXNativeTarget section */
		0D6FB2BD21B58D8C00DA2221 /* NotMyMeetups */ = {
			isa = PBXNativeTarget;
			buildConfigurationList = 0D6FB2E621B58D8E00DA2221 /* Build configuration list for PBXNativeTarget "NotMyMeetups" */;
			buildPhases = (
				6AEE6722068904EED93C8610 /* [CP] Check Pods Manifest.lock */,
				0D6FB2BA21B58D8C00DA2221 /* Sources */,
				0D6FB2BB21B58D8C00DA2221 /* Frameworks */,
				0D6FB2BC21B58D8C00DA2221 /* Resources */,
				EC17D905B119EDC7B287CA27 /* [CP] Embed Pods Frameworks */,
				05DD9F4514640AD409A2CBAF /* [CP] Copy Pods Resources */,
			);
			buildRules = (
			);
			dependencies = (
			);
			name = NotMyMeetups;
			productName = NotMyMeetups;
			productReference = 0D6FB2BE21B58D8C00DA2221 /* NotMyMeetups.app */;
			productType = "com.apple.product-type.application";
		};
		0D6FB2D121B58D8E00DA2221 /* NotMyMeetupsTests */ = {
			isa = PBXNativeTarget;
			buildConfigurationList = 0D6FB2E921B58D8E00DA2221 /* Build configuration list for PBXNativeTarget "NotMyMeetupsTests" */;
			buildPhases = (
				8BFDFB7411B64F104B42A7FF /* [CP] Check Pods Manifest.lock */,
				0D6FB2CE21B58D8E00DA2221 /* Sources */,
				0D6FB2CF21B58D8E00DA2221 /* Frameworks */,
				0D6FB2D021B58D8E00DA2221 /* Resources */,
			);
			buildRules = (
			);
			dependencies = (
				0D6FB2D421B58D8E00DA2221 /* PBXTargetDependency */,
			);
			name = NotMyMeetupsTests;
			productName = NotMyMeetupsTests;
			productReference = 0D6FB2D221B58D8E00DA2221 /* NotMyMeetupsTests.xctest */;
			productType = "com.apple.product-type.bundle.unit-test";
		};
		0D6FB2DC21B58D8E00DA2221 /* NotMyMeetupsUITests */ = {
			isa = PBXNativeTarget;
			buildConfigurationList = 0D6FB2EC21B58D8E00DA2221 /* Build configuration list for PBXNativeTarget "NotMyMeetupsUITests" */;
			buildPhases = (
				EEB669441BB0B64BC641EA5C /* [CP] Check Pods Manifest.lock */,
				0D6FB2D921B58D8E00DA2221 /* Sources */,
				0D6FB2DA21B58D8E00DA2221 /* Frameworks */,
				0D6FB2DB21B58D8E00DA2221 /* Resources */,
			);
			buildRules = (
			);
			dependencies = (
				0D6FB2DF21B58D8E00DA2221 /* PBXTargetDependency */,
			);
			name = NotMyMeetupsUITests;
			productName = NotMyMeetupsUITests;
			productReference = 0D6FB2DD21B58D8E00DA2221 /* NotMyMeetupsUITests.xctest */;
			productType = "com.apple.product-type.bundle.ui-testing";
		};
/* End PBXNativeTarget section */

/* Begin PBXProject section */
		0D6FB2B621B58D8C00DA2221 /* Project object */ = {
			isa = PBXProject;
			attributes = {
				LastSwiftUpdateCheck = 1000;
				LastUpgradeCheck = 1000;
				ORGANIZATIONNAME = nyu.edu;
				TargetAttributes = {
					0D6FB2BD21B58D8C00DA2221 = {
						CreatedOnToolsVersion = 10.0;
					};
					0D6FB2D121B58D8E00DA2221 = {
						CreatedOnToolsVersion = 10.0;
						TestTargetID = 0D6FB2BD21B58D8C00DA2221;
					};
					0D6FB2DC21B58D8E00DA2221 = {
						CreatedOnToolsVersion = 10.0;
						TestTargetID = 0D6FB2BD21B58D8C00DA2221;
					};
				};
			};
			buildConfigurationList = 0D6FB2B921B58D8C00DA2221 /* Build configuration list for PBXProject "NotMyMeetups" */;
			compatibilityVersion = "Xcode 9.3";
			developmentRegion = en;
			hasScannedForEncodings = 0;
			knownRegions = (
				en,
				Base,
			);
			mainGroup = 0D6FB2B521B58D8C00DA2221;
			productRefGroup = 0D6FB2BF21B58D8C00DA2221 /* Products */;
			projectDirPath = "";
			projectRoot = "";
			targets = (
				0D6FB2BD21B58D8C00DA2221 /* NotMyMeetups */,
				0D6FB2D121B58D8E00DA2221 /* NotMyMeetupsTests */,
				0D6FB2DC21B58D8E00DA2221 /* NotMyMeetupsUITests */,
			);
		};
/* End PBXProject section */

/* Begin PBXResourcesBuildPhase section */
		0D6FB2BC21B58D8C00DA2221 /* Resources */ = {
			isa = PBXResourcesBuildPhase;
			buildActionMask = 2147483647;
			files = (
				0D6FB2CC21B58D8E00DA2221 /* LaunchScreen.storyboard in Resources */,
				0D6FB2F021B593BF00DA2221 /* GoogleService-Info.plist in Resources */,
				0D6FB2C921B58D8E00DA2221 /* Assets.xcassets in Resources */,
				0D6FB2C721B58D8C00DA2221 /* Main.storyboard in Resources */,
			);
			runOnlyForDeploymentPostprocessing = 0;
		};
		0D6FB2D021B58D8E00DA2221 /* Resources */ = {
			isa = PBXResourcesBuildPhase;
			buildActionMask = 2147483647;
			files = (
			);
			runOnlyForDeploymentPostprocessing = 0;
		};
		0D6FB2DB21B58D8E00DA2221 /* Resources */ = {
			isa = PBXResourcesBuildPhase;
			buildActionMask = 2147483647;
			files = (
			);
			runOnlyForDeploymentPostprocessing = 0;
		};
/* End PBXResourcesBuildPhase section */

/* Begin PBXShellScriptBuildPhase section */
		05DD9F4514640AD409A2CBAF /* [CP] Copy Pods Resources */ = {
			isa = PBXShellScriptBuildPhase;
			buildActionMask = 2147483647;
			files = (
			);
			inputFileListPaths = (
			);
			inputPaths = (
				"${SRCROOT}/Pods/Target Support Files/Pods-NotMyMeetups/Pods-NotMyMeetups-resources.sh",
				"${PODS_CONFIGURATION_BUILD_DIR}/FirebaseFirestore/gRPCCertificates.bundle",
			);
			name = "[CP] Copy Pods Resources";
			outputFileListPaths = (
			);
			outputPaths = (
				"${TARGET_BUILD_DIR}/${UNLOCALIZED_RESOURCES_FOLDER_PATH}/gRPCCertificates.bundle",
			);
			runOnlyForDeploymentPostprocessing = 0;
			shellPath = /bin/sh;
			shellScript = "\"${SRCROOT}/Pods/Target Support Files/Pods-NotMyMeetups/Pods-NotMyMeetups-resources.sh\"\n";
			showEnvVarsInLog = 0;
		};
		6AEE6722068904EED93C8610 /* [CP] Check Pods Manifest.lock */ = {
			isa = PBXShellScriptBuildPhase;
			buildActionMask = 2147483647;
			files = (
			);
			inputFileListPaths = (
			);
			inputPaths = (
				"${PODS_PODFILE_DIR_PATH}/Podfile.lock",
				"${PODS_ROOT}/Manifest.lock",
			);
			name = "[CP] Check Pods Manifest.lock";
			outputFileListPaths = (
			);
			outputPaths = (
				"$(DERIVED_FILE_DIR)/Pods-NotMyMeetups-checkManifestLockResult.txt",
			);
			runOnlyForDeploymentPostprocessing = 0;
			shellPath = /bin/sh;
			shellScript = "diff \"${PODS_PODFILE_DIR_PATH}/Podfile.lock\" \"${PODS_ROOT}/Manifest.lock\" > /dev/null\nif [ $? != 0 ] ; then\n    # print error to STDERR\n    echo \"error: The sandbox is not in sync with the Podfile.lock. Run 'pod install' or update your CocoaPods installation.\" >&2\n    exit 1\nfi\n# This output is used by Xcode 'outputs' to avoid re-running this script phase.\necho \"SUCCESS\" > \"${SCRIPT_OUTPUT_FILE_0}\"\n";
			showEnvVarsInLog = 0;
		};
		8BFDFB7411B64F104B42A7FF /* [CP] Check Pods Manifest.lock */ = {
			isa = PBXShellScriptBuildPhase;
			buildActionMask = 2147483647;
			files = (
			);
			inputFileListPaths = (
			);
			inputPaths = (
				"${PODS_PODFILE_DIR_PATH}/Podfile.lock",
				"${PODS_ROOT}/Manifest.lock",
			);
			name = "[CP] Check Pods Manifest.lock";
			outputFileListPaths = (
			);
			outputPaths = (
				"$(DERIVED_FILE_DIR)/Pods-NotMyMeetupsTests-checkManifestLockResult.txt",
			);
			runOnlyForDeploymentPostprocessing = 0;
			shellPath = /bin/sh;
			shellScript = "diff \"${PODS_PODFILE_DIR_PATH}/Podfile.lock\" \"${PODS_ROOT}/Manifest.lock\" > /dev/null\nif [ $? != 0 ] ; then\n    # print error to STDERR\n    echo \"error: The sandbox is not in sync with the Podfile.lock. Run 'pod install' or update your CocoaPods installation.\" >&2\n    exit 1\nfi\n# This output is used by Xcode 'outputs' to avoid re-running this script phase.\necho \"SUCCESS\" > \"${SCRIPT_OUTPUT_FILE_0}\"\n";
			showEnvVarsInLog = 0;
		};
		EC17D905B119EDC7B287CA27 /* [CP] Embed Pods Frameworks */ = {
			isa = PBXShellScriptBuildPhase;
			buildActionMask = 2147483647;
			files = (
			);
			inputFileListPaths = (
			);
			inputPaths = (
				"${SRCROOT}/Pods/Target Support Files/Pods-NotMyMeetups/Pods-NotMyMeetups-frameworks.sh",
				"${BUILT_PRODUCTS_DIR}/BoringSSL/openssl.framework",
				"${BUILT_PRODUCTS_DIR}/GoogleUtilities/GoogleUtilities.framework",
				"${BUILT_PRODUCTS_DIR}/Protobuf/Protobuf.framework",
				"${BUILT_PRODUCTS_DIR}/gRPC-C++/grpcpp.framework",
				"${BUILT_PRODUCTS_DIR}/gRPC-Core/grpc.framework",
				"${BUILT_PRODUCTS_DIR}/leveldb-library/leveldb.framework",
				"${BUILT_PRODUCTS_DIR}/nanopb/nanopb.framework",
			);
			name = "[CP] Embed Pods Frameworks";
			outputFileListPaths = (
			);
			outputPaths = (
				"${TARGET_BUILD_DIR}/${FRAMEWORKS_FOLDER_PATH}/openssl.framework",
				"${TARGET_BUILD_DIR}/${FRAMEWORKS_FOLDER_PATH}/GoogleUtilities.framework",
				"${TARGET_BUILD_DIR}/${FRAMEWORKS_FOLDER_PATH}/Protobuf.framework",
				"${TARGET_BUILD_DIR}/${FRAMEWORKS_FOLDER_PATH}/grpcpp.framework",
				"${TARGET_BUILD_DIR}/${FRAMEWORKS_FOLDER_PATH}/grpc.framework",
				"${TARGET_BUILD_DIR}/${FRAMEWORKS_FOLDER_PATH}/leveldb.framework",
				"${TARGET_BUILD_DIR}/${FRAMEWORKS_FOLDER_PATH}/nanopb.framework",
			);
			runOnlyForDeploymentPostprocessing = 0;
			shellPath = /bin/sh;
			shellScript = "\"${SRCROOT}/Pods/Target Support Files/Pods-NotMyMeetups/Pods-NotMyMeetups-frameworks.sh\"\n";
			showEnvVarsInLog = 0;
		};
		EEB669441BB0B64BC641EA5C /* [CP] Check Pods Manifest.lock */ = {
			isa = PBXShellScriptBuildPhase;
			buildActionMask = 2147483647;
			files = (
			);
			inputFileListPaths = (
			);
			inputPaths = (
				"${PODS_PODFILE_DIR_PATH}/Podfile.lock",
				"${PODS_ROOT}/Manifest.lock",
			);
			name = "[CP] Check Pods Manifest.lock";
			outputFileListPaths = (
			);
			outputPaths = (
				"$(DERIVED_FILE_DIR)/Pods-NotMyMeetupsUITests-checkManifestLockResult.txt",
			);
			runOnlyForDeploymentPostprocessing = 0;
			shellPath = /bin/sh;
			shellScript = "diff \"${PODS_PODFILE_DIR_PATH}/Podfile.lock\" \"${PODS_ROOT}/Manifest.lock\" > /dev/null\nif [ $? != 0 ] ; then\n    # print error to STDERR\n    echo \"error: The sandbox is not in sync with the Podfile.lock. Run 'pod install' or update your CocoaPods installation.\" >&2\n    exit 1\nfi\n# This output is used by Xcode 'outputs' to avoid re-running this script phase.\necho \"SUCCESS\" > \"${SCRIPT_OUTPUT_FILE_0}\"\n";
			showEnvVarsInLog = 0;
		};
/* End PBXShellScriptBuildPhase section */

/* Begin PBXSourcesBuildPhase section */
		0D6FB2BA21B58D8C00DA2221 /* Sources */ = {
			isa = PBXSourcesBuildPhase;
			buildActionMask = 2147483647;
			files = (
				0D6FB2C421B58D8C00DA2221 /* ViewController.swift in Sources */,
				0D6FB2C221B58D8C00DA2221 /* AppDelegate.swift in Sources */,
				0D150DC321B5B41400AAE6C5 /* ViewControllerTableViewCell.swift in Sources */,
				0D150DCB21B5C73B00AAE6C5 /* Meetup.swift in Sources */,
			);
			runOnlyForDeploymentPostprocessing = 0;
		};
		0D6FB2CE21B58D8E00DA2221 /* Sources */ = {
			isa = PBXSourcesBuildPhase;
			buildActionMask = 2147483647;
			files = (
				0D6FB2D721B58D8E00DA2221 /* NotMyMeetupsTests.swift in Sources */,
			);
			runOnlyForDeploymentPostprocessing = 0;
		};
		0D6FB2D921B58D8E00DA2221 /* Sources */ = {
			isa = PBXSourcesBuildPhase;
			buildActionMask = 2147483647;
			files = (
				0D6FB2E221B58D8E00DA2221 /* NotMyMeetupsUITests.swift in Sources */,
			);
			runOnlyForDeploymentPostprocessing = 0;
		};
/* End PBXSourcesBuildPhase section */

/* Begin PBXTargetDependency section */
		0D6FB2D421B58D8E00DA2221 /* PBXTargetDependency */ = {
			isa = PBXTargetDependency;
			target = 0D6FB2BD21B58D8C00DA2221 /* NotMyMeetups */;
			targetProxy = 0D6FB2D321B58D8E00DA2221 /* PBXContainerItemProxy */;
		};
		0D6FB2DF21B58D8E00DA2221 /* PBXTargetDependency */ = {
			isa = PBXTargetDependency;
			target = 0D6FB2BD21B58D8C00DA2221 /* NotMyMeetups */;
			targetProxy = 0D6FB2DE21B58D8E00DA2221 /* PBXContainerItemProxy */;
		};
/* End PBXTargetDependency section */

/* Begin PBXVariantGroup section */
		0D6FB2C521B58D8C00DA2221 /* Main.storyboard */ = {
			isa = PBXVariantGroup;
			children = (
				0D6FB2C621B58D8C00DA2221 /* Base */,
			);
			name = Main.storyboard;
			sourceTree = "<group>";
		};
		0D6FB2CA21B58D8E00DA2221 /* LaunchScreen.storyboard */ = {
			isa = PBXVariantGroup;
			children = (
				0D6FB2CB21B58D8E00DA2221 /* Base */,
			);
			name = LaunchScreen.storyboard;
			sourceTree = "<group>";
		};
/* End PBXVariantGroup section */

/* Begin XCBuildConfiguration section */
		0D6FB2E421B58D8E00DA2221 /* Debug */ = {
			isa = XCBuildConfiguration;
			buildSettings = {
				ALWAYS_SEARCH_USER_PATHS = NO;
				CLANG_ANALYZER_NONNULL = YES;
				CLANG_ANALYZER_NUMBER_OBJECT_CONVERSION = YES_AGGRESSIVE;
				CLANG_CXX_LANGUAGE_STANDARD = "gnu++14";
				CLANG_CXX_LIBRARY = "libc++";
				CLANG_ENABLE_MODULES = YES;
				CLANG_ENABLE_OBJC_ARC = YES;
				CLANG_ENABLE_OBJC_WEAK = YES;
				CLANG_WARN_BLOCK_CAPTURE_AUTORELEASING = YES;
				CLANG_WARN_BOOL_CONVERSION = YES;
				CLANG_WARN_COMMA = YES;
				CLANG_WARN_CONSTANT_CONVERSION = YES;
				CLANG_WARN_DEPRECATED_OBJC_IMPLEMENTATIONS = YES;
				CLANG_WARN_DIRECT_OBJC_ISA_USAGE = YES_ERROR;
				CLANG_WARN_DOCUMENTATION_COMMENTS = YES;
				CLANG_WARN_EMPTY_BODY = YES;
				CLANG_WARN_ENUM_CONVERSION = YES;
				CLANG_WARN_INFINITE_RECURSION = YES;
				CLANG_WARN_INT_CONVERSION = YES;
				CLANG_WARN_NON_LITERAL_NULL_CONVERSION = YES;
				CLANG_WARN_OBJC_IMPLICIT_RETAIN_SELF = YES;
				CLANG_WARN_OBJC_LITERAL_CONVERSION = YES;
				CLANG_WARN_OBJC_ROOT_CLASS = YES_ERROR;
				CLANG_WARN_RANGE_LOOP_ANALYSIS = YES;
				CLANG_WARN_STRICT_PROTOTYPES = YES;
				CLANG_WARN_SUSPICIOUS_MOVE = YES;
				CLANG_WARN_UNGUARDED_AVAILABILITY = YES_AGGRESSIVE;
				CLANG_WARN_UNREACHABLE_CODE = YES;
				CLANG_WARN__DUPLICATE_METHOD_MATCH = YES;
				CODE_SIGN_IDENTITY = "iPhone Developer";
				COPY_PHASE_STRIP = NO;
				DEBUG_INFORMATION_FORMAT = dwarf;
				ENABLE_STRICT_OBJC_MSGSEND = YES;
				ENABLE_TESTABILITY = YES;
				GCC_C_LANGUAGE_STANDARD = gnu11;
				GCC_DYNAMIC_NO_PIC = NO;
				GCC_NO_COMMON_BLOCKS = YES;
				GCC_OPTIMIZATION_LEVEL = 0;
				GCC_PREPROCESSOR_DEFINITIONS = (
					"DEBUG=1",
					"$(inherited)",
				);
				GCC_WARN_64_TO_32_BIT_CONVERSION = YES;
				GCC_WARN_ABOUT_RETURN_TYPE = YES_ERROR;
				GCC_WARN_UNDECLARED_SELECTOR = YES;
				GCC_WARN_UNINITIALIZED_AUTOS = YES_AGGRESSIVE;
				GCC_WARN_UNUSED_FUNCTION = YES;
				GCC_WARN_UNUSED_VARIABLE = YES;
				IPHONEOS_DEPLOYMENT_TARGET = 12.0;
				MTL_ENABLE_DEBUG_INFO = INCLUDE_SOURCE;
				MTL_FAST_MATH = YES;
				ONLY_ACTIVE_ARCH = YES;
				SDKROOT = iphoneos;
				SWIFT_ACTIVE_COMPILATION_CONDITIONS = DEBUG;
				SWIFT_OPTIMIZATION_LEVEL = "-Onone";
			};
			name = Debug;
		};
		0D6FB2E521B58D8E00DA2221 /* Release */ = {
			isa = XCBuildConfiguration;
			buildSettings = {
				ALWAYS_SEARCH_USER_PATHS = NO;
				CLANG_ANALYZER_NONNULL = YES;
				CLANG_ANALYZER_NUMBER_OBJECT_CONVERSION = YES_AGGRESSIVE;
				CLANG_CXX_LANGUAGE_STANDARD = "gnu++14";
				CLANG_CXX_LIBRARY = "libc++";
				CLANG_ENABLE_MODULES = YES;
				CLANG_ENABLE_OBJC_ARC = YES;
				CLANG_ENABLE_OBJC_WEAK = YES;
				CLANG_WARN_BLOCK_CAPTURE_AUTORELEASING = YES;
				CLANG_WARN_BOOL_CONVERSION = YES;
				CLANG_WARN_COMMA = YES;
				CLANG_WARN_CONSTANT_CONVERSION = YES;
				CLANG_WARN_DEPRECATED_OBJC_IMPLEMENTATIONS = YES;
				CLANG_WARN_DIRECT_OBJC_ISA_USAGE = YES_ERROR;
				CLANG_WARN_DOCUMENTATION_COMMENTS = YES;
				CLANG_WARN_EMPTY_BODY = YES;
				CLANG_WARN_ENUM_CONVERSION = YES;
				CLANG_WARN_INFINITE_RECURSION = YES;
				CLANG_WARN_INT_CONVERSION = YES;
				CLANG_WARN_NON_LITERAL_NULL_CONVERSION = YES;
				CLANG_WARN_OBJC_IMPLICIT_RETAIN_SELF = YES;
				CLANG_WARN_OBJC_LITERAL_CONVERSION = YES;
				CLANG_WARN_OBJC_ROOT_CLASS = YES_ERROR;
				CLANG_WARN_RANGE_LOOP_ANALYSIS = YES;
				CLANG_WARN_STRICT_PROTOTYPES = YES;
				CLANG_WARN_SUSPICIOUS_MOVE = YES;
				CLANG_WARN_UNGUARDED_AVAILABILITY = YES_AGGRESSIVE;
				CLANG_WARN_UNREACHABLE_CODE = YES;
				CLANG_WARN__DUPLICATE_METHOD_MATCH = YES;
				CODE_SIGN_IDENTITY = "iPhone Developer";
				COPY_PHASE_STRIP = NO;
				DEBUG_INFORMATION_FORMAT = "dwarf-with-dsym";
				ENABLE_NS_ASSERTIONS = NO;
				ENABLE_STRICT_OBJC_MSGSEND = YES;
				GCC_C_LANGUAGE_STANDARD = gnu11;
				GCC_NO_COMMON_BLOCKS = YES;
				GCC_WARN_64_TO_32_BIT_CONVERSION = YES;
				GCC_WARN_ABOUT_RETURN_TYPE = YES_ERROR;
				GCC_WARN_UNDECLARED_SELECTOR = YES;
				GCC_WARN_UNINITIALIZED_AUTOS = YES_AGGRESSIVE;
				GCC_WARN_UNUSED_FUNCTION = YES;
				GCC_WARN_UNUSED_VARIABLE = YES;
				IPHONEOS_DEPLOYMENT_TARGET = 12.0;
				MTL_ENABLE_DEBUG_INFO = NO;
				MTL_FAST_MATH = YES;
				SDKROOT = iphoneos;
				SWIFT_COMPILATION_MODE = wholemodule;
				SWIFT_OPTIMIZATION_LEVEL = "-O";
				VALIDATE_PRODUCT = YES;
			};
			name = Release;
		};
		0D6FB2E721B58D8E00DA2221 /* Debug */ = {
			isa = XCBuildConfiguration;
			baseConfigurationReference = 94216518C6963AF2958C4D40 /* Pods-NotMyMeetups.debug.xcconfig */;
			buildSettings = {
				ASSETCATALOG_COMPILER_APPICON_NAME = AppIcon;
				CODE_SIGN_STYLE = Automatic;
				DEVELOPMENT_TEAM = DNNJ3G348V;
				INFOPLIST_FILE = NotMyMeetups/Info.plist;
				LD_RUNPATH_SEARCH_PATHS = (
					"$(inherited)",
					"@executable_path/Frameworks",
				);
				PRODUCT_BUNDLE_IDENTIFIER = nyu.edu.NotMyMeetups;
				PRODUCT_NAME = "$(TARGET_NAME)";
				SWIFT_VERSION = 4.2;
				TARGETED_DEVICE_FAMILY = "1,2";
			};
			name = Debug;
		};
		0D6FB2E821B58D8E00DA2221 /* Release */ = {
			isa = XCBuildConfiguration;
			baseConfigurationReference = 6C44F085F7BD0E687371E611 /* Pods-NotMyMeetups.release.xcconfig */;
			buildSettings = {
				ASSETCATALOG_COMPILER_APPICON_NAME = AppIcon;
				CODE_SIGN_STYLE = Automatic;
				DEVELOPMENT_TEAM = DNNJ3G348V;
				INFOPLIST_FILE = NotMyMeetups/Info.plist;
				LD_RUNPATH_SEARCH_PATHS = (
					"$(inherited)",
					"@executable_path/Frameworks",
				);
				PRODUCT_BUNDLE_IDENTIFIER = nyu.edu.NotMyMeetups;
				PRODUCT_NAME = "$(TARGET_NAME)";
				SWIFT_VERSION = 4.2;
				TARGETED_DEVICE_FAMILY = "1,2";
			};
			name = Release;
		};
		0D6FB2EA21B58D8E00DA2221 /* Debug */ = {
			isa = XCBuildConfiguration;
			baseConfigurationReference = A8B6176F57CF7A4406442E98 /* Pods-NotMyMeetupsTests.debug.xcconfig */;
			buildSettings = {
				ALWAYS_EMBED_SWIFT_STANDARD_LIBRARIES = YES;
				BUNDLE_LOADER = "$(TEST_HOST)";
				CODE_SIGN_STYLE = Automatic;
				DEVELOPMENT_TEAM = DNNJ3G348V;
				INFOPLIST_FILE = NotMyMeetupsTests/Info.plist;
				LD_RUNPATH_SEARCH_PATHS = (
					"$(inherited)",
					"@executable_path/Frameworks",
					"@loader_path/Frameworks",
				);
				PRODUCT_BUNDLE_IDENTIFIER = nyu.edu.NotMyMeetupsTests;
				PRODUCT_NAME = "$(TARGET_NAME)";
				SWIFT_VERSION = 4.2;
				TARGETED_DEVICE_FAMILY = "1,2";
				TEST_HOST = "$(BUILT_PRODUCTS_DIR)/NotMyMeetups.app/NotMyMeetups";
			};
			name = Debug;
		};
		0D6FB2EB21B58D8E00DA2221 /* Release */ = {
			isa = XCBuildConfiguration;
			baseConfigurationReference = 78AB0716BE1C968F2A4AF92E /* Pods-NotMyMeetupsTests.release.xcconfig */;
			buildSettings = {
				ALWAYS_EMBED_SWIFT_STANDARD_LIBRARIES = YES;
				BUNDLE_LOADER = "$(TEST_HOST)";
				CODE_SIGN_STYLE = Automatic;
				DEVELOPMENT_TEAM = DNNJ3G348V;
				INFOPLIST_FILE = NotMyMeetupsTests/Info.plist;
				LD_RUNPATH_SEARCH_PATHS = (
					"$(inherited)",
					"@executable_path/Frameworks",
					"@loader_path/Frameworks",
				);
				PRODUCT_BUNDLE_IDENTIFIER = nyu.edu.NotMyMeetupsTests;
				PRODUCT_NAME = "$(TARGET_NAME)";
				SWIFT_VERSION = 4.2;
				TARGETED_DEVICE_FAMILY = "1,2";
				TEST_HOST = "$(BUILT_PRODUCTS_DIR)/NotMyMeetups.app/NotMyMeetups";
			};
			name = Release;
		};
		0D6FB2ED21B58D8E00DA2221 /* Debug */ = {
			isa = XCBuildConfiguration;
			baseConfigurationReference = 0D337D91E538774297E6F313 /* Pods-NotMyMeetupsUITests.debug.xcconfig */;
			buildSettings = {
				ALWAYS_EMBED_SWIFT_STANDARD_LIBRARIES = YES;
				CODE_SIGN_STYLE = Automatic;
				DEVELOPMENT_TEAM = DNNJ3G348V;
				INFOPLIST_FILE = NotMyMeetupsUITests/Info.plist;
				LD_RUNPATH_SEARCH_PATHS = (
					"$(inherited)",
					"@executable_path/Frameworks",
					"@loader_path/Frameworks",
				);
				PRODUCT_BUNDLE_IDENTIFIER = nyu.edu.NotMyMeetupsUITests;
				PRODUCT_NAME = "$(TARGET_NAME)";
				SWIFT_VERSION = 4.2;
				TARGETED_DEVICE_FAMILY = "1,2";
				TEST_TARGET_NAME = NotMyMeetups;
			};
			name = Debug;
		};
		0D6FB2EE21B58D8E00DA2221 /* Release */ = {
			isa = XCBuildConfiguration;
			baseConfigurationReference = 9CF85901DC29DED08544DC7D /* Pods-NotMyMeetupsUITests.release.xcconfig */;
			buildSettings = {
				ALWAYS_EMBED_SWIFT_STANDARD_LIBRARIES = YES;
				CODE_SIGN_STYLE = Automatic;
				DEVELOPMENT_TEAM = DNNJ3G348V;
				INFOPLIST_FILE = NotMyMeetupsUITests/Info.plist;
				LD_RUNPATH_SEARCH_PATHS = (
					"$(inherited)",
					"@executable_path/Frameworks",
					"@loader_path/Frameworks",
				);
				PRODUCT_BUNDLE_IDENTIFIER = nyu.edu.NotMyMeetupsUITests;
				PRODUCT_NAME = "$(TARGET_NAME)";
				SWIFT_VERSION = 4.2;
				TARGETED_DEVICE_FAMILY = "1,2";
				TEST_TARGET_NAME = NotMyMeetups;
			};
			name = Release;
		};
/* End XCBuildConfiguration section */

/* Begin XCConfigurationList section */
		0D6FB2B921B58D8C00DA2221 /* Build configuration list for PBXProject "NotMyMeetups" */ = {
			isa = XCConfigurationList;
			buildConfigurations = (
				0D6FB2E421B58D8E00DA2221 /* Debug */,
				0D6FB2E521B58D8E00DA2221 /* Release */,
			);
			defaultConfigurationIsVisible = 0;
			defaultConfigurationName = Release;
		};
		0D6FB2E621B58D8E00DA2221 /* Build configuration list for PBXNativeTarget "NotMyMeetups" */ = {
			isa = XCConfigurationList;
			buildConfigurations = (
				0D6FB2E721B58D8E00DA2221 /* Debug */,
				0D6FB2E821B58D8E00DA2221 /* Release */,
			);
			defaultConfigurationIsVisible = 0;
			defaultConfigurationName = Release;
		};
		0D6FB2E921B58D8E00DA2221 /* Build configuration list for PBXNativeTarget "NotMyMeetupsTests" */ = {
			isa = XCConfigurationList;
			buildConfigurations = (
				0D6FB2EA21B58D8E00DA2221 /* Debug */,
				0D6FB2EB21B58D8E00DA2221 /* Release */,
			);
			defaultConfigurationIsVisible = 0;
			defaultConfigurationName = Release;
		};
		0D6FB2EC21B58D8E00DA2221 /* Build configuration list for PBXNativeTarget "NotMyMeetupsUITests" */ = {
			isa = XCConfigurationList;
			buildConfigurations = (
				0D6FB2ED21B58D8E00DA2221 /* Debug */,
				0D6FB2EE21B58D8E00DA2221 /* Release */,
			);
			defaultConfigurationIsVisible = 0;
			defaultConfigurationName = Release;
		};
/* End XCConfigurationList section */
	};
	rootObject = 0D6FB2B621B58D8C00DA2221 /* Project object */;
}
